# This file is automatically @generated by Cargo.
# It is not intended for manual editing.
version = 3

[[package]]
name = "autocfg"
version = "1.1.0"
source = "registry+https://github.com/rust-lang/crates.io-index"
checksum = "d468802bab17cbc0cc575e9b053f41e72aa36bfa6b7f55e3529ffa43161b97fa"

[[package]]
name = "fastnoise-lite"
version = "1.1.0"
dependencies = [
 "num-traits",
]

[[package]]
name = "libm"
version = "0.2.8"
source = "registry+https://github.com/rust-lang/crates.io-index"
checksum = "4ec2a862134d2a7d32d7983ddcdd1c4923530833c9f2ea1a44fc5fa473989058"

[[package]]
name = "num-traits"
version = "0.2.16"
source = "registry+https://github.com/rust-lang/crates.io-index"
checksum = "f30b0abd723be7e2ffca1272140fac1a2f084c77ec3e123c192b66af1ee9e6c2"
dependencies = [
 "autocfg",
 "libm",
]
